
Microsoft Visual Studio Solution File, Format Version 12.00
# Visual Studio Version 17
VisualStudioVersion = 17.7.34003.232
MinimumVisualStudioVersion = 10.0.40219.1
Project("{FAE04EC0-301F-11D3-BF4B-00C04F79EFBC}") = "MauiAppDemo", "MauiAppDemo\MauiAppDemo.csproj", "{B953BCDA-5218-4A08-B24D-0C7677787FD5}"
EndProject
Global
	GlobalSection(SolutionConfigurationPlatforms) = preSolution
		Debug|Any CPU = Debug|Any CPU
		Release|Any CPU = Release|Any CPU
	EndGlobalSection
	GlobalSection(ProjectConfigurationPlatforms) = postSolution
		{B953BCDA-5218-4A08-B24D-0C7677787FD5}.Debug|Any CPU.ActiveCfg = Debug|Any CPU
		{B953BCDA-5218-4A08-B24D-0C7677787FD5}.Debug|Any CPU.Build.0 = Debug|Any CPU
		{B953BCDA-5218-4A08-B24D-0C7677787FD5}.Debug|Any CPU.Deploy.0 = Debug|Any CPU
		{B953BCDA-5218-4A08-B24D-0C7677787FD5}.Release|Any CPU.ActiveCfg = Release|Any CPU
		{B953BCDA-5218-4A08-B24D-0C7677787FD5}.Release|Any CPU.Build.0 = Release|Any CPU
		{B953BCDA-5218-4A08-B24D-0C7677787FD5}.Release|Any CPU.Deploy.0 = Release|Any CPU
	EndGlobalSection
	GlobalSection(SolutionProperties) = preSolution
		HideSolutionNode = FALSE
	EndGlobalSection
	GlobalSection(ExtensibilityGlobals) = postSolution
		SolutionGuid = {1C39F175-BD26-4791-90D7-EEA2E20CE8CE}
	EndGlobalSection
EndGlobal
